
Microsoft Visual Studio Solution File, Format Version 12.00
# Visual Studio 15
VisualStudioVersion = 15.0.27703.2035
MinimumVisualStudioVersion = 10.0.40219.1
Project("{FAE04EC0-301F-11D3-BF4B-00C04F79EFBC}") = "MapEditor", "MapEditor\MapEditor.csproj", "{FA993688-C72C-473E-9123-D896EB47F2EF}"
EndProject
Global
	GlobalSection(SolutionConfigurationPlatforms) = preSolution
		Debug|Any CPU = Debug|Any CPU
		Release|Any CPU = Release|Any CPU
	EndGlobalSection
	GlobalSection(ProjectConfigurationPlatforms) = postSolution
		{FA993688-C72C-473E-9123-D896EB47F2EF}.Debug|Any CPU.ActiveCfg = Debug|Any CPU
		{FA993688-C72C-473E-9123-D896EB47F2EF}.Debug|Any CPU.Build.0 = Debug|Any CPU
		{FA993688-C72C-473E-9123-D896EB47F2EF}.Release|Any CPU.ActiveCfg = Release|Any CPU
		{FA993688-C72C-473E-9123-D896EB47F2EF}.Release|Any CPU.Build.0 = Release|Any CPU
	EndGlobalSection
	GlobalSection(SolutionProperties) = preSolution
		HideSolutionNode = FALSE
	EndGlobalSection
	GlobalSection(ExtensibilityGlobals) = postSolution
		SolutionGuid = {7C9BA573-A83E-4F8D-BE9F-637C7506B9BF}
	EndGlobalSection
EndGlobal
